
Microsoft Visual Studio Solution File, Format Version 12.00
# Visual Studio Version 17
VisualStudioVersion = 17.13.35931.197 d17.13
MinimumVisualStudioVersion = 10.0.40219.1
Project("{FAE04EC0-301F-11D3-BF4B-00C04F79EFBC}") = "HastaRandevuSistemi2", "HastaRandevuSistemi2\HastaRandevuSistemi2.csproj", "{40B9F228-3A41-437C-9B5A-F8E79CA1F37B}"
EndProject
Global
	GlobalSection(SolutionConfigurationPlatforms) = preSolution
		Debug|Any CPU = Debug|Any CPU
		Release|Any CPU = Release|Any CPU
	EndGlobalSection
	GlobalSection(ProjectConfigurationPlatforms) = postSolution
		{40B9F228-3A41-437C-9B5A-F8E79CA1F37B}.Debug|Any CPU.ActiveCfg = Debug|Any CPU
		{40B9F228-3A41-437C-9B5A-F8E79CA1F37B}.Debug|Any CPU.Build.0 = Debug|Any CPU
		{40B9F228-3A41-437C-9B5A-F8E79CA1F37B}.Release|Any CPU.ActiveCfg = Release|Any CPU
		{40B9F228-3A41-437C-9B5A-F8E79CA1F37B}.Release|Any CPU.Build.0 = Release|Any CPU
	EndGlobalSection
	GlobalSection(SolutionProperties) = preSolution
		HideSolutionNode = FALSE
	EndGlobalSection
	GlobalSection(ExtensibilityGlobals) = postSolution
		SolutionGuid = {42A75968-5AFA-48CD-BD32-03DD25E1B521}
	EndGlobalSection
EndGlobal
