
Microsoft Visual Studio Solution File, Format Version 12.00
# Visual Studio Version 17
VisualStudioVersion = 17.12.35707.178 d17.12
MinimumVisualStudioVersion = 10.0.40219.1
Project("{FAE04EC0-301F-11D3-BF4B-00C04F79EFBC}") = "Odev2", "Odev2\Odev2.csproj", "{B6D47E9F-9A35-48FE-A5A9-EC8506D68BC0}"
EndProject
Global
	GlobalSection(SolutionConfigurationPlatforms) = preSolution
		Debug|Any CPU = Debug|Any CPU
		Release|Any CPU = Release|Any CPU
	EndGlobalSection
	GlobalSection(ProjectConfigurationPlatforms) = postSolution
		{B6D47E9F-9A35-48FE-A5A9-EC8506D68BC0}.Debug|Any CPU.ActiveCfg = Debug|Any CPU
		{B6D47E9F-9A35-48FE-A5A9-EC8506D68BC0}.Debug|Any CPU.Build.0 = Debug|Any CPU
		{B6D47E9F-9A35-48FE-A5A9-EC8506D68BC0}.Release|Any CPU.ActiveCfg = Release|Any CPU
		{B6D47E9F-9A35-48FE-A5A9-EC8506D68BC0}.Release|Any CPU.Build.0 = Release|Any CPU
	EndGlobalSection
	GlobalSection(SolutionProperties) = preSolution
		HideSolutionNode = FALSE
	EndGlobalSection
EndGlobal
