
Microsoft Visual Studio Solution File, Format Version 12.00
# Visual Studio Version 17
VisualStudioVersion = 17.13.35825.156 d17.13
MinimumVisualStudioVersion = 10.0.40219.1
Project("{FAE04EC0-301F-11D3-BF4B-00C04F79EFBC}") = "Odev_DongulerVeDiziler", "Odev_DongulerVeDiziler\Odev_DongulerVeDiziler.csproj", "{55E9AD1C-AB44-4B1F-A0AC-6707A99EBC15}"
EndProject
Global
	GlobalSection(SolutionConfigurationPlatforms) = preSolution
		Debug|Any CPU = Debug|Any CPU
		Release|Any CPU = Release|Any CPU
	EndGlobalSection
	GlobalSection(ProjectConfigurationPlatforms) = postSolution
		{55E9AD1C-AB44-4B1F-A0AC-6707A99EBC15}.Debug|Any CPU.ActiveCfg = Debug|Any CPU
		{55E9AD1C-AB44-4B1F-A0AC-6707A99EBC15}.Debug|Any CPU.Build.0 = Debug|Any CPU
		{55E9AD1C-AB44-4B1F-A0AC-6707A99EBC15}.Release|Any CPU.ActiveCfg = Release|Any CPU
		{55E9AD1C-AB44-4B1F-A0AC-6707A99EBC15}.Release|Any CPU.Build.0 = Release|Any CPU
	EndGlobalSection
	GlobalSection(SolutionProperties) = preSolution
		HideSolutionNode = FALSE
	EndGlobalSection
	GlobalSection(ExtensibilityGlobals) = postSolution
		SolutionGuid = {2CE97BC8-0A56-4A12-A165-30BCCD4402FD}
	EndGlobalSection
EndGlobal
