
Microsoft Visual Studio Solution File, Format Version 12.00
# Visual Studio Version 17
VisualStudioVersion = 17.13.35825.156 d17.13
MinimumVisualStudioVersion = 10.0.40219.1
Project("{FAE04EC0-301F-11D3-BF4B-00C04F79EFBC}") = "Odev_GenericListKullanimi", "Odev_GenericListKullanimi\Odev_GenericListKullanimi.csproj", "{C26D3E30-64C5-42B9-A019-7AA255896337}"
EndProject
Global
	GlobalSection(SolutionConfigurationPlatforms) = preSolution
		Debug|Any CPU = Debug|Any CPU
		Release|Any CPU = Release|Any CPU
	EndGlobalSection
	GlobalSection(ProjectConfigurationPlatforms) = postSolution
		{C26D3E30-64C5-42B9-A019-7AA255896337}.Debug|Any CPU.ActiveCfg = Debug|Any CPU
		{C26D3E30-64C5-42B9-A019-7AA255896337}.Debug|Any CPU.Build.0 = Debug|Any CPU
		{C26D3E30-64C5-42B9-A019-7AA255896337}.Release|Any CPU.ActiveCfg = Release|Any CPU
		{C26D3E30-64C5-42B9-A019-7AA255896337}.Release|Any CPU.Build.0 = Release|Any CPU
	EndGlobalSection
	GlobalSection(SolutionProperties) = preSolution
		HideSolutionNode = FALSE
	EndGlobalSection
	GlobalSection(ExtensibilityGlobals) = postSolution
		SolutionGuid = {34D506E9-9A22-412A-9A84-A00056C5EBC5}
	EndGlobalSection
EndGlobal
